
Microsoft Visual Studio Solution File, Format Version 12.00
# Visual Studio Version 17
VisualStudioVersion = 17.9.34701.34
MinimumVisualStudioVersion = 10.0.40219.1
Project("{FAE04EC0-301F-11D3-BF4B-00C04F79EFBC}") = "Final Project", "Final Project.csproj", "{73CC328C-E8B4-4C67-AED2-0B5AD1E6774D}"
EndProject
Global
	GlobalSection(SolutionConfigurationPlatforms) = preSolution
		Debug|Any CPU = Debug|Any CPU
		Release|Any CPU = Release|Any CPU
	EndGlobalSection
	GlobalSection(ProjectConfigurationPlatforms) = postSolution
		{73CC328C-E8B4-4C67-AED2-0B5AD1E6774D}.Debug|Any CPU.ActiveCfg = Debug|Any CPU
		{73CC328C-E8B4-4C67-AED2-0B5AD1E6774D}.Debug|Any CPU.Build.0 = Debug|Any CPU
		{73CC328C-E8B4-4C67-AED2-0B5AD1E6774D}.Release|Any CPU.ActiveCfg = Release|Any CPU
		{73CC328C-E8B4-4C67-AED2-0B5AD1E6774D}.Release|Any CPU.Build.0 = Release|Any CPU
	EndGlobalSection
	GlobalSection(SolutionProperties) = preSolution
		HideSolutionNode = FALSE
	EndGlobalSection
	GlobalSection(ExtensibilityGlobals) = postSolution
		SolutionGuid = {6A432962-738A-4181-82CC-9CEB3214A5E0}
	EndGlobalSection
EndGlobal
